
Microsoft Visual Studio Solution File, Format Version 12.00
# Visual Studio Version 17
VisualStudioVersion = 17.2.32516.85
MinimumVisualStudioVersion = 10.0.40219.1
Project("{8BC9CEB8-8B4A-11D0-8D11-00A0C91BC942}") = "Months", "Months\Months.vcxproj", "{627765D8-8B93-49F5-B7CC-DE7267CF5E8A}"
EndProject
Global
	GlobalSection(SolutionConfigurationPlatforms) = preSolution
		Debug|x64 = Debug|x64
		Debug|x86 = Debug|x86
		Release|x64 = Release|x64
		Release|x86 = Release|x86
	EndGlobalSection
	GlobalSection(ProjectConfigurationPlatforms) = postSolution
		{627765D8-8B93-49F5-B7CC-DE7267CF5E8A}.Debug|x64.ActiveCfg = Debug|x64
		{627765D8-8B93-49F5-B7CC-DE7267CF5E8A}.Debug|x64.Build.0 = Debug|x64
		{627765D8-8B93-49F5-B7CC-DE7267CF5E8A}.Debug|x86.ActiveCfg = Debug|Win32
		{627765D8-8B93-49F5-B7CC-DE7267CF5E8A}.Debug|x86.Build.0 = Debug|Win32
		{627765D8-8B93-49F5-B7CC-DE7267CF5E8A}.Release|x64.ActiveCfg = Release|x64
		{627765D8-8B93-49F5-B7CC-DE7267CF5E8A}.Release|x64.Build.0 = Release|x64
		{627765D8-8B93-49F5-B7CC-DE7267CF5E8A}.Release|x86.ActiveCfg = Release|Win32
		{627765D8-8B93-49F5-B7CC-DE7267CF5E8A}.Release|x86.Build.0 = Release|Win32
	EndGlobalSection
	GlobalSection(SolutionProperties) = preSolution
		HideSolutionNode = FALSE
	EndGlobalSection
	GlobalSection(ExtensibilityGlobals) = postSolution
		SolutionGuid = {51B603E4-9956-4F32-A313-1E142441AD84}
	EndGlobalSection
EndGlobal
